
Microsoft Visual Studio Solution File, Format Version 12.00
# Visual Studio Version 16
VisualStudioVersion = 16.0.34601.136
MinimumVisualStudioVersion = 10.0.40219.1
Project("{FAE04EC0-301F-11D3-BF4B-00C04F79EFBC}") = "car_insurance", "car_insurance.csproj", "{5E97BA79-A1D7-4D55-98B7-935528E1EA36}"
EndProject
Global
	GlobalSection(SolutionConfigurationPlatforms) = preSolution
		Debug|Any CPU = Debug|Any CPU
		Release|Any CPU = Release|Any CPU
	EndGlobalSection
	GlobalSection(ProjectConfigurationPlatforms) = postSolution
		{5E97BA79-A1D7-4D55-98B7-935528E1EA36}.Debug|Any CPU.ActiveCfg = Debug|Any CPU
		{5E97BA79-A1D7-4D55-98B7-935528E1EA36}.Debug|Any CPU.Build.0 = Debug|Any CPU
		{5E97BA79-A1D7-4D55-98B7-935528E1EA36}.Release|Any CPU.ActiveCfg = Release|Any CPU
		{5E97BA79-A1D7-4D55-98B7-935528E1EA36}.Release|Any CPU.Build.0 = Release|Any CPU
	EndGlobalSection
	GlobalSection(SolutionProperties) = preSolution
		HideSolutionNode = FALSE
	EndGlobalSection
	GlobalSection(ExtensibilityGlobals) = postSolution
		SolutionGuid = {ABD16802-D842-4280-830B-93C15FDF4D74}
	EndGlobalSection
EndGlobal
